
Microsoft Visual Studio Solution File, Format Version 12.00
# Visual Studio Version 16
VisualStudioVersion = 16.0.32802.440
MinimumVisualStudioVersion = 10.0.40219.1
Project("{FAE04EC0-301F-11D3-BF4B-00C04F79EFBC}") = "YAZOKULU", "YAZOKULU\YAZOKULU.csproj", "{3495BCDA-0015-4450-9A18-C2C42DC22E89}"
EndProject
Project("{FAE04EC0-301F-11D3-BF4B-00C04F79EFBC}") = "EntityLayer", "EntityLayer\EntityLayer.csproj", "{83DB2476-A688-43B9-BBF1-9D1E353C7668}"
EndProject
Project("{FAE04EC0-301F-11D3-BF4B-00C04F79EFBC}") = "DataAccessLayer", "DataAccessLayer\DataAccessLayer.csproj", "{882A370C-6744-4A6C-A713-43A8E1CC5C5D}"
EndProject
Project("{FAE04EC0-301F-11D3-BF4B-00C04F79EFBC}") = "BusinessLogicLayer", "BusinessLogicLayer\BusinessLogicLayer.csproj", "{B6AF14C6-440E-4AF5-98A9-D69CEFE1FE02}"
EndProject
Global
	GlobalSection(SolutionConfigurationPlatforms) = preSolution
		Debug|Any CPU = Debug|Any CPU
		Release|Any CPU = Release|Any CPU
	EndGlobalSection
	GlobalSection(ProjectConfigurationPlatforms) = postSolution
		{3495BCDA-0015-4450-9A18-C2C42DC22E89}.Debug|Any CPU.ActiveCfg = Debug|Any CPU
		{3495BCDA-0015-4450-9A18-C2C42DC22E89}.Debug|Any CPU.Build.0 = Debug|Any CPU
		{3495BCDA-0015-4450-9A18-C2C42DC22E89}.Release|Any CPU.ActiveCfg = Release|Any CPU
		{3495BCDA-0015-4450-9A18-C2C42DC22E89}.Release|Any CPU.Build.0 = Release|Any CPU
		{83DB2476-A688-43B9-BBF1-9D1E353C7668}.Debug|Any CPU.ActiveCfg = Debug|Any CPU
		{83DB2476-A688-43B9-BBF1-9D1E353C7668}.Debug|Any CPU.Build.0 = Debug|Any CPU
		{83DB2476-A688-43B9-BBF1-9D1E353C7668}.Release|Any CPU.ActiveCfg = Release|Any CPU
		{83DB2476-A688-43B9-BBF1-9D1E353C7668}.Release|Any CPU.Build.0 = Release|Any CPU
		{882A370C-6744-4A6C-A713-43A8E1CC5C5D}.Debug|Any CPU.ActiveCfg = Debug|Any CPU
		{882A370C-6744-4A6C-A713-43A8E1CC5C5D}.Debug|Any CPU.Build.0 = Debug|Any CPU
		{882A370C-6744-4A6C-A713-43A8E1CC5C5D}.Release|Any CPU.ActiveCfg = Release|Any CPU
		{882A370C-6744-4A6C-A713-43A8E1CC5C5D}.Release|Any CPU.Build.0 = Release|Any CPU
		{B6AF14C6-440E-4AF5-98A9-D69CEFE1FE02}.Debug|Any CPU.ActiveCfg = Debug|Any CPU
		{B6AF14C6-440E-4AF5-98A9-D69CEFE1FE02}.Debug|Any CPU.Build.0 = Debug|Any CPU
		{B6AF14C6-440E-4AF5-98A9-D69CEFE1FE02}.Release|Any CPU.ActiveCfg = Release|Any CPU
		{B6AF14C6-440E-4AF5-98A9-D69CEFE1FE02}.Release|Any CPU.Build.0 = Release|Any CPU
	EndGlobalSection
	GlobalSection(SolutionProperties) = preSolution
		HideSolutionNode = FALSE
	EndGlobalSection
	GlobalSection(ExtensibilityGlobals) = postSolution
		SolutionGuid = {C94BCD1F-F57A-4675-8AFE-3A5634830661}
	EndGlobalSection
EndGlobal
